version = 1
revision = 2
requires-python = ">=3.13"

[[package]]
name = "berrypad"
version = "0.1.0"
source = { virtual = "." }
dependencies = [
    { name = "pypubsub" },
]

[package.metadata]
requires-dist = [{ name = "pypubsub", specifier = ">=4.0.3" }]

[[package]]
name = "pypubsub"
version = "4.0.3"
source = { registry = "https://pypi.org/simple" }
sdist = { url = "https://files.pythonhosted.org/packages/23/64/e7907a632cfbd76fd17e86ed6279422345958cf9fdc8216d95d13d9fee1b/pypubsub-4.0.3.tar.gz", hash = "sha256:32d662de3ade0fb0880da92df209c62a4803684de5ccb8d19421c92747a258c7", size = 49524, upload-time = "2025-07-21T11:48:14.001Z" }
wheels = [
    { url = "https://files.pythonhosted.org/packages/1a/41/a0aceb552d8ec63bb1e8223d130f9dd0f736470036d75d708183b104a2cb/Pypubsub-4.0.3-py3-none-any.whl", hash = "sha256:7f716bae9388afe01ff82b264ba8a96a8ae78b42bb1f114f2716ca8f9e404e2a", size = 61368, upload-time = "2019-01-28T00:36:11.389Z" },
]
